
Microsoft Visual Studio Solution File, Format Version 12.00
# Visual Studio Version 17
VisualStudioVersion = 17.11.35312.102
MinimumVisualStudioVersion = 10.0.40219.1
Project("{FAE04EC0-301F-11D3-BF4B-00C04F79EFBC}") = "Calculadora", "Calculadora\Calculadora.csproj", "{0B636C4C-7FD7-4D7E-9CAE-82CB2BDE30EE}"
EndProject
Global
	GlobalSection(SolutionConfigurationPlatforms) = preSolution
		Debug|Any CPU = Debug|Any CPU
		Release|Any CPU = Release|Any CPU
	EndGlobalSection
	GlobalSection(ProjectConfigurationPlatforms) = postSolution
		{0B636C4C-7FD7-4D7E-9CAE-82CB2BDE30EE}.Debug|Any CPU.ActiveCfg = Debug|Any CPU
		{0B636C4C-7FD7-4D7E-9CAE-82CB2BDE30EE}.Debug|Any CPU.Build.0 = Debug|Any CPU
		{0B636C4C-7FD7-4D7E-9CAE-82CB2BDE30EE}.Release|Any CPU.ActiveCfg = Release|Any CPU
		{0B636C4C-7FD7-4D7E-9CAE-82CB2BDE30EE}.Release|Any CPU.Build.0 = Release|Any CPU
	EndGlobalSection
	GlobalSection(SolutionProperties) = preSolution
		HideSolutionNode = FALSE
	EndGlobalSection
	GlobalSection(ExtensibilityGlobals) = postSolution
		SolutionGuid = {BCC455A7-D2E9-43A2-BE22-6C92E89DBFB2}
	EndGlobalSection
EndGlobal
